
Microsoft Visual Studio Solution File, Format Version 12.00
# Visual Studio Version 17
VisualStudioVersion = 17.14.37111.16 d17.14
MinimumVisualStudioVersion = 10.0.40219.1
Project("{FAE04EC0-301F-11D3-BF4B-00C04F79EFBC}") = "AIChatAssistant", "AIChatAssistant.csproj", "{64D9DE0E-D679-46BC-84B8-505DB748A0F1}"
EndProject
Global
	GlobalSection(SolutionConfigurationPlatforms) = preSolution
		Debug|Any CPU = Debug|Any CPU
		Release|Any CPU = Release|Any CPU
	EndGlobalSection
	GlobalSection(ProjectConfigurationPlatforms) = postSolution
		{64D9DE0E-D679-46BC-84B8-505DB748A0F1}.Debug|Any CPU.ActiveCfg = Debug|Any CPU
		{64D9DE0E-D679-46BC-84B8-505DB748A0F1}.Debug|Any CPU.Build.0 = Debug|Any CPU
		{64D9DE0E-D679-46BC-84B8-505DB748A0F1}.Release|Any CPU.ActiveCfg = Release|Any CPU
		{64D9DE0E-D679-46BC-84B8-505DB748A0F1}.Release|Any CPU.Build.0 = Release|Any CPU
	EndGlobalSection
	GlobalSection(SolutionProperties) = preSolution
		HideSolutionNode = FALSE
	EndGlobalSection
	GlobalSection(ExtensibilityGlobals) = postSolution
		SolutionGuid = {9DAB07D8-6305-47DB-A29A-65F0A936FB38}
	EndGlobalSection
EndGlobal
